
Microsoft Visual Studio Solution File, Format Version 12.00
# Visual Studio Version 18
VisualStudioVersion = 18.0.11222.15 d18.0
MinimumVisualStudioVersion = 10.0.40219.1
Project("{FAE04EC0-301F-11D3-BF4B-00C04F79EFBC}") = "InnoStore", "InnoStore\InnoStore.csproj", "{5F330013-478D-4CD8-927A-3D981E812298}"
EndProject
Project("{FAE04EC0-301F-11D3-BF4B-00C04F79EFBC}") = "Domain", "Domain\Domain.csproj", "{76F6B6F3-729A-41A7-9D63-F6C433E2A6C3}"
EndProject
Project("{FAE04EC0-301F-11D3-BF4B-00C04F79EFBC}") = "Persistence", "Persistence\Persistence.csproj", "{405B8F47-CD09-4473-9340-0AAE48F33719}"
EndProject
Project("{FAE04EC0-301F-11D3-BF4B-00C04F79EFBC}") = "Application.Abstractions", "Application.Abstractions\Application.Abstractions.csproj", "{7E954BCE-DA4F-415F-9B21-993F490BD25A}"
EndProject
Project("{FAE04EC0-301F-11D3-BF4B-00C04F79EFBC}") = "Application", "Application\Application.csproj", "{030ECC53-19DB-4D72-9126-83288A883A2E}"
EndProject
Project("{FAE04EC0-301F-11D3-BF4B-00C04F79EFBC}") = "Presentation", "Presentation\Presentation.csproj", "{6FE3BEF7-25AA-45CB-89C5-FA8774BD403D}"
EndProject
Project("{2150E333-8FDC-42A3-9474-1A3956D46DE8}") = "Tests", "Tests", "{7C2650AD-8B60-4F2C-9840-AF302CCACFA4}"
EndProject
Project("{FAE04EC0-301F-11D3-BF4B-00C04F79EFBC}") = "UnitTests", "UnitTests\UnitTests.csproj", "{642ACE19-6567-4AA0-8937-EB1BD043A06E}"
EndProject
Project("{FAE04EC0-301F-11D3-BF4B-00C04F79EFBC}") = "IntegrationTests", "IntegrationTests\IntegrationTests.csproj", "{F41622D0-3676-4087-B899-83D07CE405FF}"
EndProject
Project("{2150E333-8FDC-42A3-9474-1A3956D46DE8}") = "Infrastructure", "Infrastructure", "{2F4A35E3-9370-4A9C-887E-44CF0B914A32}"
EndProject
Project("{2150E333-8FDC-42A3-9474-1A3956D46DE8}") = "Core", "Core", "{E25C6E16-3A54-445C-A1AD-7515830677B8}"
EndProject
Project("{2150E333-8FDC-42A3-9474-1A3956D46DE8}") = "Solution Items", "Solution Items", "{194EA437-91E2-40D6-AE49-FFEBBBB20C73}"
	ProjectSection(SolutionItems) = preProject
		compose.yaml = compose.yaml
	EndProjectSection
EndProject
Global
	GlobalSection(SolutionConfigurationPlatforms) = preSolution
		Debug|Any CPU = Debug|Any CPU
		Release|Any CPU = Release|Any CPU
	EndGlobalSection
	GlobalSection(ProjectConfigurationPlatforms) = postSolution
		{5F330013-478D-4CD8-927A-3D981E812298}.Debug|Any CPU.ActiveCfg = Debug|Any CPU
		{5F330013-478D-4CD8-927A-3D981E812298}.Debug|Any CPU.Build.0 = Debug|Any CPU
		{5F330013-478D-4CD8-927A-3D981E812298}.Release|Any CPU.ActiveCfg = Release|Any CPU
		{5F330013-478D-4CD8-927A-3D981E812298}.Release|Any CPU.Build.0 = Release|Any CPU
		{76F6B6F3-729A-41A7-9D63-F6C433E2A6C3}.Debug|Any CPU.ActiveCfg = Debug|Any CPU
		{76F6B6F3-729A-41A7-9D63-F6C433E2A6C3}.Debug|Any CPU.Build.0 = Debug|Any CPU
		{76F6B6F3-729A-41A7-9D63-F6C433E2A6C3}.Release|Any CPU.ActiveCfg = Release|Any CPU
		{76F6B6F3-729A-41A7-9D63-F6C433E2A6C3}.Release|Any CPU.Build.0 = Release|Any CPU
		{405B8F47-CD09-4473-9340-0AAE48F33719}.Debug|Any CPU.ActiveCfg = Debug|Any CPU
		{405B8F47-CD09-4473-9340-0AAE48F33719}.Debug|Any CPU.Build.0 = Debug|Any CPU
		{405B8F47-CD09-4473-9340-0AAE48F33719}.Release|Any CPU.ActiveCfg = Release|Any CPU
		{405B8F47-CD09-4473-9340-0AAE48F33719}.Release|Any CPU.Build.0 = Release|Any CPU
		{7E954BCE-DA4F-415F-9B21-993F490BD25A}.Debug|Any CPU.ActiveCfg = Debug|Any CPU
		{7E954BCE-DA4F-415F-9B21-993F490BD25A}.Debug|Any CPU.Build.0 = Debug|Any CPU
		{7E954BCE-DA4F-415F-9B21-993F490BD25A}.Release|Any CPU.ActiveCfg = Release|Any CPU
		{7E954BCE-DA4F-415F-9B21-993F490BD25A}.Release|Any CPU.Build.0 = Release|Any CPU
		{030ECC53-19DB-4D72-9126-83288A883A2E}.Debug|Any CPU.ActiveCfg = Debug|Any CPU
		{030ECC53-19DB-4D72-9126-83288A883A2E}.Debug|Any CPU.Build.0 = Debug|Any CPU
		{030ECC53-19DB-4D72-9126-83288A883A2E}.Release|Any CPU.ActiveCfg = Release|Any CPU
		{030ECC53-19DB-4D72-9126-83288A883A2E}.Release|Any CPU.Build.0 = Release|Any CPU
		{6FE3BEF7-25AA-45CB-89C5-FA8774BD403D}.Debug|Any CPU.ActiveCfg = Debug|Any CPU
		{6FE3BEF7-25AA-45CB-89C5-FA8774BD403D}.Debug|Any CPU.Build.0 = Debug|Any CPU
		{6FE3BEF7-25AA-45CB-89C5-FA8774BD403D}.Release|Any CPU.ActiveCfg = Release|Any CPU
		{6FE3BEF7-25AA-45CB-89C5-FA8774BD403D}.Release|Any CPU.Build.0 = Release|Any CPU
		{642ACE19-6567-4AA0-8937-EB1BD043A06E}.Debug|Any CPU.ActiveCfg = Debug|Any CPU
		{642ACE19-6567-4AA0-8937-EB1BD043A06E}.Debug|Any CPU.Build.0 = Debug|Any CPU
		{642ACE19-6567-4AA0-8937-EB1BD043A06E}.Release|Any CPU.ActiveCfg = Release|Any CPU
		{642ACE19-6567-4AA0-8937-EB1BD043A06E}.Release|Any CPU.Build.0 = Release|Any CPU
		{F41622D0-3676-4087-B899-83D07CE405FF}.Debug|Any CPU.ActiveCfg = Debug|Any CPU
		{F41622D0-3676-4087-B899-83D07CE405FF}.Debug|Any CPU.Build.0 = Debug|Any CPU
		{F41622D0-3676-4087-B899-83D07CE405FF}.Release|Any CPU.ActiveCfg = Release|Any CPU
		{F41622D0-3676-4087-B899-83D07CE405FF}.Release|Any CPU.Build.0 = Release|Any CPU
	EndGlobalSection
	GlobalSection(SolutionProperties) = preSolution
		HideSolutionNode = FALSE
	EndGlobalSection
	GlobalSection(NestedProjects) = preSolution
		{76F6B6F3-729A-41A7-9D63-F6C433E2A6C3} = {E25C6E16-3A54-445C-A1AD-7515830677B8}
		{405B8F47-CD09-4473-9340-0AAE48F33719} = {2F4A35E3-9370-4A9C-887E-44CF0B914A32}
		{7E954BCE-DA4F-415F-9B21-993F490BD25A} = {E25C6E16-3A54-445C-A1AD-7515830677B8}
		{030ECC53-19DB-4D72-9126-83288A883A2E} = {E25C6E16-3A54-445C-A1AD-7515830677B8}
		{6FE3BEF7-25AA-45CB-89C5-FA8774BD403D} = {2F4A35E3-9370-4A9C-887E-44CF0B914A32}
		{642ACE19-6567-4AA0-8937-EB1BD043A06E} = {7C2650AD-8B60-4F2C-9840-AF302CCACFA4}
		{F41622D0-3676-4087-B899-83D07CE405FF} = {7C2650AD-8B60-4F2C-9840-AF302CCACFA4}
	EndGlobalSection
	GlobalSection(ExtensibilityGlobals) = postSolution
		SolutionGuid = {868D0751-061B-4C52-B621-8C59D09E2446}
	EndGlobalSection
EndGlobal
